// !$*UTF8*$!
{
	archiveVersion = 1;
	classes = {
	};
	objectVersion = 55;
	objects = {

/* Begin PBXBuildFile section */
		AD1ABAB22831907B00B3E448 /* AppDelegate.swift in Sources */ = {isa = PBXBuildFile; fileRef = AD1ABAB12831907B00B3E448 /* AppDelegate.swift */; };
		AD1ABAB42831907B00B3E448 /* SceneDelegate.swift in Sources */ = {isa = PBXBuildFile; fileRef = AD1ABAB32831907B00B3E448 /* SceneDelegate.swift */; };
		AD1ABAB62831907B00B3E448 /* MovieQuizViewController.swift in Sources */ = {isa = PBXBuildFile; fileRef = AD1ABAB52831907B00B3E448 /* MovieQuizViewController.swift */; };
		AD1ABAB92831907B00B3E448 /* Main.storyboard in Resources */ = {isa = PBXBuildFile; fileRef = AD1ABAB72831907B00B3E448 /* Main.storyboard */; };
		AD1ABABB2831907F00B3E448 /* Assets.xcassets in Resources */ = {isa = PBXBuildFile; fileRef = AD1ABABA2831907F00B3E448 /* Assets.xcassets */; };
		AD1ABABE2831907F00B3E448 /* LaunchScreen.storyboard in Resources */ = {isa = PBXBuildFile; fileRef = AD1ABABC2831907F00B3E448 /* LaunchScreen.storyboard */; };
		AD5EE5DE284D7887003966EF /* UIColor+Extensions.swift in Sources */ = {isa = PBXBuildFile; fileRef = AD5EE5DD284D7887003966EF /* UIColor+Extensions.swift */; };
		AD77F5742857F8810062FB14 /* Date+Extensions.swift in Sources */ = {isa = PBXBuildFile; fileRef = AD77F5732857F8810062FB14 /* Date+Extensions.swift */; };
		AD7AFA552836189F00399704 /* Array+Extensions.swift in Sources */ = {isa = PBXBuildFile; fileRef = AD7AFA542836189F00399704 /* Array+Extensions.swift */; };
		B521B8BE2B5E2D0D00775F91 /* StubNetworkClient.swift in Sources */ = {isa = PBXBuildFile; fileRef = B521B8BD2B5E2D0D00775F91 /* StubNetworkClient.swift */; };
		B521B8C12B5E2E7700775F91 /* ArrayTests.swift in Sources */ = {isa = PBXBuildFile; fileRef = B521B8C02B5E2E7700775F91 /* ArrayTests.swift */; };
		B521B8C32B5E2EE700775F91 /* MoviesLoaderTests.swift in Sources */ = {isa = PBXBuildFile; fileRef = B521B8C22B5E2EE700775F91 /* MoviesLoaderTests.swift */; };
		B521B8CB2B5E32DB00775F91 /* MovieQuizUITests.swift in Sources */ = {isa = PBXBuildFile; fileRef = B521B8CA2B5E32DB00775F91 /* MovieQuizUITests.swift */; };
		B521B8CD2B5E32DB00775F91 /* MovieQuizUITestsLaunchTests.swift in Sources */ = {isa = PBXBuildFile; fileRef = B521B8CC2B5E32DB00775F91 /* MovieQuizUITestsLaunchTests.swift */; };
		B54871662B2CBF6600A11F25 /* QuestionFactory.swift in Sources */ = {isa = PBXBuildFile; fileRef = B54871652B2CBF6600A11F25 /* QuestionFactory.swift */; };
		B54871692B2CC0CC00A11F25 /* QuestionsRepository.swift in Sources */ = {isa = PBXBuildFile; fileRef = B54871682B2CC0CC00A11F25 /* QuestionsRepository.swift */; };
		B548716B2B2CC13200A11F25 /* QuizQuestion.swift in Sources */ = {isa = PBXBuildFile; fileRef = B548716A2B2CC13200A11F25 /* QuizQuestion.swift */; };
		B548716E2B2CC79A00A11F25 /* QuizStepViewModel.swift in Sources */ = {isa = PBXBuildFile; fileRef = B548716D2B2CC79A00A11F25 /* QuizStepViewModel.swift */; };
		B54871702B2CC80200A11F25 /* QuizResultsViewModel.swift in Sources */ = {isa = PBXBuildFile; fileRef = B548716F2B2CC80200A11F25 /* QuizResultsViewModel.swift */; };
		B54871722B2F4D5700A11F25 /* QuestionFactoryDelegate.swift in Sources */ = {isa = PBXBuildFile; fileRef = B54871712B2F4D5700A11F25 /* QuestionFactoryDelegate.swift */; };
		B54871742B2F5F8200A11F25 /* AlertPresenter.swift in Sources */ = {isa = PBXBuildFile; fileRef = B54871732B2F5F8200A11F25 /* AlertPresenter.swift */; };
		B54871772B2F5FC100A11F25 /* AlertModel.swift in Sources */ = {isa = PBXBuildFile; fileRef = B54871762B2F5FC100A11F25 /* AlertModel.swift */; };
		B548717B2B2F61B700A11F25 /* AlertFactory.swift in Sources */ = {isa = PBXBuildFile; fileRef = B548717A2B2F61B700A11F25 /* AlertFactory.swift */; };
		B548717D2B2F6F2200A11F25 /* AlertFactoryDelegate.swift in Sources */ = {isa = PBXBuildFile; fileRef = B548717C2B2F6F2200A11F25 /* AlertFactoryDelegate.swift */; };
		B554DCB62B1C7D0E00AFDFAA /* YS Display-Bold.ttf in Resources */ = {isa = PBXBuildFile; fileRef = B554DCB42B1C7D0E00AFDFAA /* YS Display-Bold.ttf */; };
		B554DCB72B1C7D0E00AFDFAA /* YS Display-Medium.ttf in Resources */ = {isa = PBXBuildFile; fileRef = B554DCB52B1C7D0E00AFDFAA /* YS Display-Medium.ttf */; };
		B580A2182B5ED18300A38959 /* MovieQuizPresenter.swift in Sources */ = {isa = PBXBuildFile; fileRef = B580A2172B5ED18300A38959 /* MovieQuizPresenter.swift */; };
		B580A21A2B5EE7D700A38959 /* MovieQuizViewControllerProtocol.swift in Sources */ = {isa = PBXBuildFile; fileRef = B580A2192B5EE7D600A38959 /* MovieQuizViewControllerProtocol.swift */; };
		B580A2222B5EE91100A38959 /* MovieQuizPresenterTests.swift in Sources */ = {isa = PBXBuildFile; fileRef = B580A2212B5EE91100A38959 /* MovieQuizPresenterTests.swift */; };
		B580A22A2B5EE92F00A38959 /* MovieQuizViewControllerStub.swift in Sources */ = {isa = PBXBuildFile; fileRef = B580A2292B5EE92F00A38959 /* MovieQuizViewControllerStub.swift */; };
		B587BD2A2B4A0E3E002693F5 /* MoviesError.swift in Sources */ = {isa = PBXBuildFile; fileRef = B587BD292B4A0E3E002693F5 /* MoviesError.swift */; };
		B5C908482B2FA74900C5CC91 /* StatisticService.swift in Sources */ = {isa = PBXBuildFile; fileRef = B5C908472B2FA74900C5CC91 /* StatisticService.swift */; };
		B5C9084B2B2FA7DC00C5CC91 /* GameRecord.swift in Sources */ = {isa = PBXBuildFile; fileRef = B5C9084A2B2FA7DC00C5CC91 /* GameRecord.swift */; };
		B5C908522B2FBBC700C5CC91 /* QuizResultsFactory.swift in Sources */ = {isa = PBXBuildFile; fileRef = B5C908512B2FBBC700C5CC91 /* QuizResultsFactory.swift */; };
		B5D306B42B446A0100E01AEB /* NetworkClient.swift in Sources */ = {isa = PBXBuildFile; fileRef = B5D306B32B446A0100E01AEB /* NetworkClient.swift */; };
		B5D306B72B44726000E01AEB /* MostPopularMovies.swift in Sources */ = {isa = PBXBuildFile; fileRef = B5D306B62B44726000E01AEB /* MostPopularMovies.swift */; };
		B5D306B92B44750A00E01AEB /* MoviesLoader.swift in Sources */ = {isa = PBXBuildFile; fileRef = B5D306B82B44750A00E01AEB /* MoviesLoader.swift */; };
/* End PBXBuildFile section */

/* Begin PBXContainerItemProxy section */
		B521B8B72B5E29E800775F91 /* PBXContainerItemProxy */ = {
			isa = PBXContainerItemProxy;
			containerPortal = AD1ABAA62831907B00B3E448 /* Project object */;
			proxyType = 1;
			remoteGlobalIDString = AD1ABAAD2831907B00B3E448;
			remoteInfo = MovieQuiz;
		};
		B521B8CE2B5E32DB00775F91 /* PBXContainerItemProxy */ = {
			isa = PBXContainerItemProxy;
			containerPortal = AD1ABAA62831907B00B3E448 /* Project object */;
			proxyType = 1;
			remoteGlobalIDString = AD1ABAAD2831907B00B3E448;
			remoteInfo = MovieQuiz;
		};
		B580A2232B5EE91100A38959 /* PBXContainerItemProxy */ = {
			isa = PBXContainerItemProxy;
			containerPortal = AD1ABAA62831907B00B3E448 /* Project object */;
			proxyType = 1;
			remoteGlobalIDString = AD1ABAAD2831907B00B3E448;
			remoteInfo = MovieQuiz;
		};
/* End PBXContainerItemProxy section */

/* Begin PBXFileReference section */
		AD1ABAAE2831907B00B3E448 /* MovieQuiz.app */ = {isa = PBXFileReference; explicitFileType = wrapper.application; includeInIndex = 0; path = MovieQuiz.app; sourceTree = BUILT_PRODUCTS_DIR; };
		AD1ABAB12831907B00B3E448 /* AppDelegate.swift */ = {isa = PBXFileReference; lastKnownFileType = sourcecode.swift; path = AppDelegate.swift; sourceTree = "<group>"; };
		AD1ABAB32831907B00B3E448 /* SceneDelegate.swift */ = {isa = PBXFileReference; lastKnownFileType = sourcecode.swift; path = SceneDelegate.swift; sourceTree = "<group>"; };
		AD1ABAB52831907B00B3E448 /* MovieQuizViewController.swift */ = {isa = PBXFileReference; lastKnownFileType = sourcecode.swift; path = MovieQuizViewController.swift; sourceTree = "<group>"; };
		AD1ABAB82831907B00B3E448 /* Base */ = {isa = PBXFileReference; lastKnownFileType = file.storyboard; name = Base; path = Base.lproj/Main.storyboard; sourceTree = "<group>"; };
		AD1ABABA2831907F00B3E448 /* Assets.xcassets */ = {isa = PBXFileReference; lastKnownFileType = folder.assetcatalog; path = Assets.xcassets; sourceTree = "<group>"; };
		AD1ABABD2831907F00B3E448 /* Base */ = {isa = PBXFileReference; lastKnownFileType = file.storyboard; name = Base; path = Base.lproj/LaunchScreen.storyboard; sourceTree = "<group>"; };
		AD1ABABF2831907F00B3E448 /* Info.plist */ = {isa = PBXFileReference; lastKnownFileType = text.plist.xml; path = Info.plist; sourceTree = "<group>"; };
		AD5EE5DD284D7887003966EF /* UIColor+Extensions.swift */ = {isa = PBXFileReference; fileEncoding = 4; lastKnownFileType = sourcecode.swift; path = "UIColor+Extensions.swift"; sourceTree = "<group>"; };
		AD77F5732857F8810062FB14 /* Date+Extensions.swift */ = {isa = PBXFileReference; lastKnownFileType = sourcecode.swift; path = "Date+Extensions.swift"; sourceTree = "<group>"; };
		AD7AFA542836189F00399704 /* Array+Extensions.swift */ = {isa = PBXFileReference; lastKnownFileType = sourcecode.swift; path = "Array+Extensions.swift"; sourceTree = "<group>"; };
		B521B8B32B5E29E800775F91 /* MovieQuizTests.xctest */ = {isa = PBXFileReference; explicitFileType = wrapper.cfbundle; includeInIndex = 0; path = MovieQuizTests.xctest; sourceTree = BUILT_PRODUCTS_DIR; };
		B521B8BD2B5E2D0D00775F91 /* StubNetworkClient.swift */ = {isa = PBXFileReference; lastKnownFileType = sourcecode.swift; path = StubNetworkClient.swift; sourceTree = "<group>"; };
		B521B8C02B5E2E7700775F91 /* ArrayTests.swift */ = {isa = PBXFileReference; lastKnownFileType = sourcecode.swift; path = ArrayTests.swift; sourceTree = "<group>"; };
		B521B8C22B5E2EE700775F91 /* MoviesLoaderTests.swift */ = {isa = PBXFileReference; lastKnownFileType = sourcecode.swift; path = MoviesLoaderTests.swift; sourceTree = "<group>"; };
		B521B8C82B5E32DB00775F91 /* MovieQuizUITests.xctest */ = {isa = PBXFileReference; explicitFileType = wrapper.cfbundle; includeInIndex = 0; path = MovieQuizUITests.xctest; sourceTree = BUILT_PRODUCTS_DIR; };
		B521B8CA2B5E32DB00775F91 /* MovieQuizUITests.swift */ = {isa = PBXFileReference; lastKnownFileType = sourcecode.swift; path = MovieQuizUITests.swift; sourceTree = "<group>"; };
		B521B8CC2B5E32DB00775F91 /* MovieQuizUITestsLaunchTests.swift */ = {isa = PBXFileReference; lastKnownFileType = sourcecode.swift; path = MovieQuizUITestsLaunchTests.swift; sourceTree = "<group>"; };
		B54871652B2CBF6600A11F25 /* QuestionFactory.swift */ = {isa = PBXFileReference; lastKnownFileType = sourcecode.swift; path = QuestionFactory.swift; sourceTree = "<group>"; };
		B54871682B2CC0CC00A11F25 /* QuestionsRepository.swift */ = {isa = PBXFileReference; lastKnownFileType = sourcecode.swift; path = QuestionsRepository.swift; sourceTree = "<group>"; };
		B548716A2B2CC13200A11F25 /* QuizQuestion.swift */ = {isa = PBXFileReference; lastKnownFileType = sourcecode.swift; path = QuizQuestion.swift; sourceTree = "<group>"; };
		B548716D2B2CC79A00A11F25 /* QuizStepViewModel.swift */ = {isa = PBXFileReference; lastKnownFileType = sourcecode.swift; path = QuizStepViewModel.swift; sourceTree = "<group>"; };
		B548716F2B2CC80200A11F25 /* QuizResultsViewModel.swift */ = {isa = PBXFileReference; lastKnownFileType = sourcecode.swift; path = QuizResultsViewModel.swift; sourceTree = "<group>"; };
		B54871712B2F4D5700A11F25 /* QuestionFactoryDelegate.swift */ = {isa = PBXFileReference; lastKnownFileType = sourcecode.swift; path = QuestionFactoryDelegate.swift; sourceTree = "<group>"; };
		B54871732B2F5F8200A11F25 /* AlertPresenter.swift */ = {isa = PBXFileReference; lastKnownFileType = sourcecode.swift; path = AlertPresenter.swift; sourceTree = "<group>"; };
		B54871762B2F5FC100A11F25 /* AlertModel.swift */ = {isa = PBXFileReference; lastKnownFileType = sourcecode.swift; path = AlertModel.swift; sourceTree = "<group>"; };
		B548717A2B2F61B700A11F25 /* AlertFactory.swift */ = {isa = PBXFileReference; lastKnownFileType = sourcecode.swift; path = AlertFactory.swift; sourceTree = "<group>"; };
		B548717C2B2F6F2200A11F25 /* AlertFactoryDelegate.swift */ = {isa = PBXFileReference; lastKnownFileType = sourcecode.swift; path = AlertFactoryDelegate.swift; sourceTree = "<group>"; };
		B554DCB42B1C7D0E00AFDFAA /* YS Display-Bold.ttf */ = {isa = PBXFileReference; lastKnownFileType = file; path = "YS Display-Bold.ttf"; sourceTree = "<group>"; };
		B554DCB52B1C7D0E00AFDFAA /* YS Display-Medium.ttf */ = {isa = PBXFileReference; lastKnownFileType = file; path = "YS Display-Medium.ttf"; sourceTree = "<group>"; };
		B580A2172B5ED18300A38959 /* MovieQuizPresenter.swift */ = {isa = PBXFileReference; lastKnownFileType = sourcecode.swift; path = MovieQuizPresenter.swift; sourceTree = "<group>"; };
		B580A2192B5EE7D600A38959 /* MovieQuizViewControllerProtocol.swift */ = {isa = PBXFileReference; lastKnownFileType = sourcecode.swift; path = MovieQuizViewControllerProtocol.swift; sourceTree = "<group>"; };
		B580A21F2B5EE91100A38959 /* MovieQuizPresenterTests.xctest */ = {isa = PBXFileReference; explicitFileType = wrapper.cfbundle; includeInIndex = 0; path = MovieQuizPresenterTests.xctest; sourceTree = BUILT_PRODUCTS_DIR; };
		B580A2212B5EE91100A38959 /* MovieQuizPresenterTests.swift */ = {isa = PBXFileReference; lastKnownFileType = sourcecode.swift; path = MovieQuizPresenterTests.swift; sourceTree = "<group>"; };
		B580A2292B5EE92F00A38959 /* MovieQuizViewControllerStub.swift */ = {isa = PBXFileReference; lastKnownFileType = sourcecode.swift; path = MovieQuizViewControllerStub.swift; sourceTree = "<group>"; };
		B587BD292B4A0E3E002693F5 /* MoviesError.swift */ = {isa = PBXFileReference; lastKnownFileType = sourcecode.swift; path = MoviesError.swift; sourceTree = "<group>"; };
		B5C908472B2FA74900C5CC91 /* StatisticService.swift */ = {isa = PBXFileReference; lastKnownFileType = sourcecode.swift; path = StatisticService.swift; sourceTree = "<group>"; };
		B5C9084A2B2FA7DC00C5CC91 /* GameRecord.swift */ = {isa = PBXFileReference; lastKnownFileType = sourcecode.swift; path = GameRecord.swift; sourceTree = "<group>"; };
		B5C908512B2FBBC700C5CC91 /* QuizResultsFactory.swift */ = {isa = PBXFileReference; lastKnownFileType = sourcecode.swift; path = QuizResultsFactory.swift; sourceTree = "<group>"; };
		B5D306B32B446A0100E01AEB /* NetworkClient.swift */ = {isa = PBXFileReference; lastKnownFileType = sourcecode.swift; path = NetworkClient.swift; sourceTree = "<group>"; };
		B5D306B62B44726000E01AEB /* MostPopularMovies.swift */ = {isa = PBXFileReference; lastKnownFileType = sourcecode.swift; path = MostPopularMovies.swift; sourceTree = "<group>"; };
		B5D306B82B44750A00E01AEB /* MoviesLoader.swift */ = {isa = PBXFileReference; lastKnownFileType = sourcecode.swift; path = MoviesLoader.swift; sourceTree = "<group>"; };
/* End PBXFileReference section */

/* Begin PBXFrameworksBuildPhase section */
		AD1ABAAB2831907B00B3E448 /* Frameworks */ = {
			isa = PBXFrameworksBuildPhase;
			buildActionMask = 2147483647;
			files = (
			);
			runOnlyForDeploymentPostprocessing = 0;
		};
		B521B8B02B5E29E800775F91 /* Frameworks */ = {
			isa = PBXFrameworksBuildPhase;
			buildActionMask = 2147483647;
			files = (
			);
			runOnlyForDeploymentPostprocessing = 0;
		};
		B521B8C52B5E32DB00775F91 /* Frameworks */ = {
			isa = PBXFrameworksBuildPhase;
			buildActionMask = 2147483647;
			files = (
			);
			runOnlyForDeploymentPostprocessing = 0;
		};
		B580A21C2B5EE91100A38959 /* Frameworks */ = {
			isa = PBXFrameworksBuildPhase;
			buildActionMask = 2147483647;
			files = (
			);
			runOnlyForDeploymentPostprocessing = 0;
		};
/* End PBXFrameworksBuildPhase section */

/* Begin PBXGroup section */
		8F4738322848DE2A005DF65E /* Presentation */ = {
			isa = PBXGroup;
			children = (
				B580A2162B5ED17300A38959 /* Presenter */,
				B54871752B2F5F9100A11F25 /* View */,
				AD1ABAB52831907B00B3E448 /* MovieQuizViewController.swift */,
				AD1ABAB72831907B00B3E448 /* Main.storyboard */,
				B580A2192B5EE7D600A38959 /* MovieQuizViewControllerProtocol.swift */,
			);
			path = Presentation;
			sourceTree = "<group>";
		};
		8F4738332848DE46005DF65E /* Resources */ = {
			isa = PBXGroup;
			children = (
				B554DCB32B1C7D0E00AFDFAA /* YS Display */,
				AD1ABABC2831907F00B3E448 /* LaunchScreen.storyboard */,
				AD1ABABA2831907F00B3E448 /* Assets.xcassets */,
				AD1ABABF2831907F00B3E448 /* Info.plist */,
			);
			path = Resources;
			sourceTree = "<group>";
		};
		AD1ABAA52831907B00B3E448 = {
			isa = PBXGroup;
			children = (
				AD1ABAB02831907B00B3E448 /* MovieQuiz */,
				B521B8B42B5E29E800775F91 /* MovieQuizTests */,
				B521B8C92B5E32DB00775F91 /* MovieQuizUITests */,
				B580A2202B5EE91100A38959 /* MovieQuizPresenterTests */,
				AD1ABAAF2831907B00B3E448 /* Products */,
			);
			sourceTree = "<group>";
		};
		AD1ABAAF2831907B00B3E448 /* Products */ = {
			isa = PBXGroup;
			children = (
				AD1ABAAE2831907B00B3E448 /* MovieQuiz.app */,
				B521B8B32B5E29E800775F91 /* MovieQuizTests.xctest */,
				B521B8C82B5E32DB00775F91 /* MovieQuizUITests.xctest */,
				B580A21F2B5EE91100A38959 /* MovieQuizPresenterTests.xctest */,
			);
			name = Products;
			sourceTree = "<group>";
		};
		AD1ABAB02831907B00B3E448 /* MovieQuiz */ = {
			isa = PBXGroup;
			children = (
				B5D306BA2B4479CD00E01AEB /* Api */,
				B54871672B2CC0B400A11F25 /* Data */,
				B54871642B2CBF4800A11F25 /* Domain */,
				8F4738322848DE2A005DF65E /* Presentation */,
				ADF0CF75283FDAA10075F54D /* Helpers */,
				8F4738332848DE46005DF65E /* Resources */,
				AD1ABAB12831907B00B3E448 /* AppDelegate.swift */,
				AD1ABAB32831907B00B3E448 /* SceneDelegate.swift */,
			);
			path = MovieQuiz;
			sourceTree = "<group>";
		};
		ADF0CF75283FDAA10075F54D /* Helpers */ = {
			isa = PBXGroup;
			children = (
				AD5EE5DD284D7887003966EF /* UIColor+Extensions.swift */,
				AD7AFA542836189F00399704 /* Array+Extensions.swift */,
				AD77F5732857F8810062FB14 /* Date+Extensions.swift */,
			);
			path = Helpers;
			sourceTree = "<group>";
		};
		B521B8B42B5E29E800775F91 /* MovieQuizTests */ = {
			isa = PBXGroup;
			children = (
				B521B8BC2B5E2CC100775F91 /* stubs */,
				B521B8C02B5E2E7700775F91 /* ArrayTests.swift */,
				B521B8C22B5E2EE700775F91 /* MoviesLoaderTests.swift */,
			);
			path = MovieQuizTests;
			sourceTree = "<group>";
		};
		B521B8BC2B5E2CC100775F91 /* stubs */ = {
			isa = PBXGroup;
			children = (
				B521B8BD2B5E2D0D00775F91 /* StubNetworkClient.swift */,
			);
			path = stubs;
			sourceTree = "<group>";
		};
		B521B8C92B5E32DB00775F91 /* MovieQuizUITests */ = {
			isa = PBXGroup;
			children = (
				B521B8CA2B5E32DB00775F91 /* MovieQuizUITests.swift */,
				B521B8CC2B5E32DB00775F91 /* MovieQuizUITestsLaunchTests.swift */,
			);
			path = MovieQuizUITests;
			sourceTree = "<group>";
		};
		B54871642B2CBF4800A11F25 /* Domain */ = {
			isa = PBXGroup;
			children = (
				B5D306B52B44722A00E01AEB /* Movies */,
				B5C908532B2FBC2A00C5CC91 /* QuizStep */,
				B5C9084E2B2FBB1700C5CC91 /* QuizResults */,
				B5C908492B2FA7CB00C5CC91 /* GameRecord */,
				B5C908442B2F9D8800C5CC91 /* Alert */,
				B5C908432B2F9D7F00C5CC91 /* Question */,
			);
			path = Domain;
			sourceTree = "<group>";
		};
		B54871672B2CC0B400A11F25 /* Data */ = {
			isa = PBXGroup;
			children = (
				B5C908462B2FA72500C5CC91 /* Services */,
				B5C908452B2FA71000C5CC91 /* Repositories */,
			);
			path = Data;
			sourceTree = "<group>";
		};
		B54871752B2F5F9100A11F25 /* View */ = {
			isa = PBXGroup;
			children = (
				B54871732B2F5F8200A11F25 /* AlertPresenter.swift */,
			);
			path = View;
			sourceTree = "<group>";
		};
		B554DCB32B1C7D0E00AFDFAA /* YS Display */ = {
			isa = PBXGroup;
			children = (
				B554DCB42B1C7D0E00AFDFAA /* YS Display-Bold.ttf */,
				B554DCB52B1C7D0E00AFDFAA /* YS Display-Medium.ttf */,
			);
			path = "YS Display";
			sourceTree = "<group>";
		};
		B580A2162B5ED17300A38959 /* Presenter */ = {
			isa = PBXGroup;
			children = (
				B580A2172B5ED18300A38959 /* MovieQuizPresenter.swift */,
			);
			path = Presenter;
			sourceTree = "<group>";
		};
		B580A2202B5EE91100A38959 /* MovieQuizPresenterTests */ = {
			isa = PBXGroup;
			children = (
				B580A2282B5EE91D00A38959 /* stubs */,
				B580A2212B5EE91100A38959 /* MovieQuizPresenterTests.swift */,
			);
			path = MovieQuizPresenterTests;
			sourceTree = "<group>";
		};
		B580A2282B5EE91D00A38959 /* stubs */ = {
			isa = PBXGroup;
			children = (
				B580A2292B5EE92F00A38959 /* MovieQuizViewControllerStub.swift */,
			);
			path = stubs;
			sourceTree = "<group>";
		};
		B5C908432B2F9D7F00C5CC91 /* Question */ = {
			isa = PBXGroup;
			children = (
				B54871652B2CBF6600A11F25 /* QuestionFactory.swift */,
				B548716A2B2CC13200A11F25 /* QuizQuestion.swift */,
				B54871712B2F4D5700A11F25 /* QuestionFactoryDelegate.swift */,
			);
			path = Question;
			sourceTree = "<group>";
		};
		B5C908442B2F9D8800C5CC91 /* Alert */ = {
			isa = PBXGroup;
			children = (
				B54871762B2F5FC100A11F25 /* AlertModel.swift */,
				B548717A2B2F61B700A11F25 /* AlertFactory.swift */,
				B548717C2B2F6F2200A11F25 /* AlertFactoryDelegate.swift */,
			);
			path = Alert;
			sourceTree = "<group>";
		};
		B5C908452B2FA71000C5CC91 /* Repositories */ = {
			isa = PBXGroup;
			children = (
				B54871682B2CC0CC00A11F25 /* QuestionsRepository.swift */,
			);
			path = Repositories;
			sourceTree = "<group>";
		};
		B5C908462B2FA72500C5CC91 /* Services */ = {
			isa = PBXGroup;
			children = (
				B5C908472B2FA74900C5CC91 /* StatisticService.swift */,
			);
			path = Services;
			sourceTree = "<group>";
		};
		B5C908492B2FA7CB00C5CC91 /* GameRecord */ = {
			isa = PBXGroup;
			children = (
				B5C9084A2B2FA7DC00C5CC91 /* GameRecord.swift */,
			);
			path = GameRecord;
			sourceTree = "<group>";
		};
		B5C9084E2B2FBB1700C5CC91 /* QuizResults */ = {
			isa = PBXGroup;
			children = (
				B548716F2B2CC80200A11F25 /* QuizResultsViewModel.swift */,
				B5C908512B2FBBC700C5CC91 /* QuizResultsFactory.swift */,
			);
			path = QuizResults;
			sourceTree = "<group>";
		};
		B5C908532B2FBC2A00C5CC91 /* QuizStep */ = {
			isa = PBXGroup;
			children = (
				B548716D2B2CC79A00A11F25 /* QuizStepViewModel.swift */,
			);
			path = QuizStep;
			sourceTree = "<group>";
		};
		B5D306B52B44722A00E01AEB /* Movies */ = {
			isa = PBXGroup;
			children = (
				B5D306B62B44726000E01AEB /* MostPopularMovies.swift */,
				B587BD292B4A0E3E002693F5 /* MoviesError.swift */,
			);
			path = Movies;
			sourceTree = "<group>";
		};
		B5D306BA2B4479CD00E01AEB /* Api */ = {
			isa = PBXGroup;
			children = (
				B5D306B32B446A0100E01AEB /* NetworkClient.swift */,
				B5D306B82B44750A00E01AEB /* MoviesLoader.swift */,
			);
			path = Api;
			sourceTree = "<group>";
		};
/* End PBXGroup section */

/* Begin PBXNativeTarget section */
		AD1ABAAD2831907B00B3E448 /* MovieQuiz */ = {
			isa = PBXNativeTarget;
			buildConfigurationList = AD1ABAC22831907F00B3E448 /* Build configuration list for PBXNativeTarget "MovieQuiz" */;
			buildPhases = (
				AD1ABAAA2831907B00B3E448 /* Sources */,
				AD1ABAAB2831907B00B3E448 /* Frameworks */,
				AD1ABAAC2831907B00B3E448 /* Resources */,
			);
			buildRules = (
			);
			dependencies = (
			);
			name = MovieQuiz;
			productName = MovieQuiz;
			productReference = AD1ABAAE2831907B00B3E448 /* MovieQuiz.app */;
			productType = "com.apple.product-type.application";
		};
		B521B8B22B5E29E800775F91 /* MovieQuizTests */ = {
			isa = PBXNativeTarget;
			buildConfigurationList = B521B8B92B5E29E800775F91 /* Build configuration list for PBXNativeTarget "MovieQuizTests" */;
			buildPhases = (
				B521B8AF2B5E29E800775F91 /* Sources */,
				B521B8B02B5E29E800775F91 /* Frameworks */,
				B521B8B12B5E29E800775F91 /* Resources */,
			);
			buildRules = (
			);
			dependencies = (
				B521B8B82B5E29E800775F91 /* PBXTargetDependency */,
			);
			name = MovieQuizTests;
			productName = MovieQuizTests;
			productReference = B521B8B32B5E29E800775F91 /* MovieQuizTests.xctest */;
			productType = "com.apple.product-type.bundle.unit-test";
		};
		B521B8C72B5E32DB00775F91 /* MovieQuizUITests */ = {
			isa = PBXNativeTarget;
			buildConfigurationList = B521B8D02B5E32DB00775F91 /* Build configuration list for PBXNativeTarget "MovieQuizUITests" */;
			buildPhases = (
				B521B8C42B5E32DB00775F91 /* Sources */,
				B521B8C52B5E32DB00775F91 /* Frameworks */,
				B521B8C62B5E32DB00775F91 /* Resources */,
			);
			buildRules = (
			);
			dependencies = (
				B521B8CF2B5E32DB00775F91 /* PBXTargetDependency */,
			);
			name = MovieQuizUITests;
			productName = MovieQuizUITests;
			productReference = B521B8C82B5E32DB00775F91 /* MovieQuizUITests.xctest */;
			productType = "com.apple.product-type.bundle.ui-testing";
		};
		B580A21E2B5EE91100A38959 /* MovieQuizPresenterTests */ = {
			isa = PBXNativeTarget;
			buildConfigurationList = B580A2252B5EE91100A38959 /* Build configuration list for PBXNativeTarget "MovieQuizPresenterTests" */;
			buildPhases = (
				B580A21B2B5EE91100A38959 /* Sources */,
				B580A21C2B5EE91100A38959 /* Frameworks */,
				B580A21D2B5EE91100A38959 /* Resources */,
			);
			buildRules = (
			);
			dependencies = (
				B580A2242B5EE91100A38959 /* PBXTargetDependency */,
			);
			name = MovieQuizPresenterTests;
			productName = MovieQuizPresenterTests;
			productReference = B580A21F2B5EE91100A38959 /* MovieQuizPresenterTests.xctest */;
			productType = "com.apple.product-type.bundle.unit-test";
		};
/* End PBXNativeTarget section */

/* Begin PBXProject section */
		AD1ABAA62831907B00B3E448 /* Project object */ = {
			isa = PBXProject;
			attributes = {
				BuildIndependentTargetsInParallel = 1;
				LastSwiftUpdateCheck = 1500;
				LastUpgradeCheck = 1330;
				ORGANIZATIONNAME = "";
				TargetAttributes = {
					AD1ABAAD2831907B00B3E448 = {
						CreatedOnToolsVersion = 13.3.1;
					};
					B521B8B22B5E29E800775F91 = {
						CreatedOnToolsVersion = 15.0.1;
						TestTargetID = AD1ABAAD2831907B00B3E448;
					};
					B521B8C72B5E32DB00775F91 = {
						CreatedOnToolsVersion = 15.0.1;
						TestTargetID = AD1ABAAD2831907B00B3E448;
					};
					B580A21E2B5EE91100A38959 = {
						CreatedOnToolsVersion = 15.0.1;
						TestTargetID = AD1ABAAD2831907B00B3E448;
					};
				};
			};
			buildConfigurationList = AD1ABAA92831907B00B3E448 /* Build configuration list for PBXProject "MovieQuiz" */;
			compatibilityVersion = "Xcode 13.0";
			developmentRegion = en;
			hasScannedForEncodings = 0;
			knownRegions = (
				en,
				Base,
			);
			mainGroup = AD1ABAA52831907B00B3E448;
			productRefGroup = AD1ABAAF2831907B00B3E448 /* Products */;
			projectDirPath = "";
			projectRoot = "";
			targets = (
				AD1ABAAD2831907B00B3E448 /* MovieQuiz */,
				B521B8B22B5E29E800775F91 /* MovieQuizTests */,
				B521B8C72B5E32DB00775F91 /* MovieQuizUITests */,
				B580A21E2B5EE91100A38959 /* MovieQuizPresenterTests */,
			);
		};
/* End PBXProject section */

/* Begin PBXResourcesBuildPhase section */
		AD1ABAAC2831907B00B3E448 /* Resources */ = {
			isa = PBXResourcesBuildPhase;
			buildActionMask = 2147483647;
			files = (
				AD1ABABE2831907F00B3E448 /* LaunchScreen.storyboard in Resources */,
				AD1ABABB2831907F00B3E448 /* Assets.xcassets in Resources */,
				AD1ABAB92831907B00B3E448 /* Main.storyboard in Resources */,
				B554DCB62B1C7D0E00AFDFAA /* YS Display-Bold.ttf in Resources */,
				B554DCB72B1C7D0E00AFDFAA /* YS Display-Medium.ttf in Resources */,
			);
			runOnlyForDeploymentPostprocessing = 0;
		};
		B521B8B12B5E29E800775F91 /* Resources */ = {
			isa = PBXResourcesBuildPhase;
			buildActionMask = 2147483647;
			files = (
			);
			runOnlyForDeploymentPostprocessing = 0;
		};
		B521B8C62B5E32DB00775F91 /* Resources */ = {
			isa = PBXResourcesBuildPhase;
			buildActionMask = 2147483647;
			files = (
			);
			runOnlyForDeploymentPostprocessing = 0;
		};
		B580A21D2B5EE91100A38959 /* Resources */ = {
			isa = PBXResourcesBuildPhase;
			buildActionMask = 2147483647;
			files = (
			);
			runOnlyForDeploymentPostprocessing = 0;
		};
/* End PBXResourcesBuildPhase section */

/* Begin PBXSourcesBuildPhase section */
		AD1ABAAA2831907B00B3E448 /* Sources */ = {
			isa = PBXSourcesBuildPhase;
			buildActionMask = 2147483647;
			files = (
				B548717D2B2F6F2200A11F25 /* AlertFactoryDelegate.swift in Sources */,
				B5C908522B2FBBC700C5CC91 /* QuizResultsFactory.swift in Sources */,
				B548716B2B2CC13200A11F25 /* QuizQuestion.swift in Sources */,
				AD5EE5DE284D7887003966EF /* UIColor+Extensions.swift in Sources */,
				B580A2182B5ED18300A38959 /* MovieQuizPresenter.swift in Sources */,
				AD7AFA552836189F00399704 /* Array+Extensions.swift in Sources */,
				B54871722B2F4D5700A11F25 /* QuestionFactoryDelegate.swift in Sources */,
				B54871772B2F5FC100A11F25 /* AlertModel.swift in Sources */,
				B548716E2B2CC79A00A11F25 /* QuizStepViewModel.swift in Sources */,
				AD1ABAB62831907B00B3E448 /* MovieQuizViewController.swift in Sources */,
				B54871662B2CBF6600A11F25 /* QuestionFactory.swift in Sources */,
				B54871742B2F5F8200A11F25 /* AlertPresenter.swift in Sources */,
				B587BD2A2B4A0E3E002693F5 /* MoviesError.swift in Sources */,
				B5D306B42B446A0100E01AEB /* NetworkClient.swift in Sources */,
				AD77F5742857F8810062FB14 /* Date+Extensions.swift in Sources */,
				B54871702B2CC80200A11F25 /* QuizResultsViewModel.swift in Sources */,
				B548717B2B2F61B700A11F25 /* AlertFactory.swift in Sources */,
				AD1ABAB22831907B00B3E448 /* AppDelegate.swift in Sources */,
				AD1ABAB42831907B00B3E448 /* SceneDelegate.swift in Sources */,
				B5D306B92B44750A00E01AEB /* MoviesLoader.swift in Sources */,
				B54871692B2CC0CC00A11F25 /* QuestionsRepository.swift in Sources */,
				B580A21A2B5EE7D700A38959 /* MovieQuizViewControllerProtocol.swift in Sources */,
				B5D306B72B44726000E01AEB /* MostPopularMovies.swift in Sources */,
				B5C9084B2B2FA7DC00C5CC91 /* GameRecord.swift in Sources */,
				B5C908482B2FA74900C5CC91 /* StatisticService.swift in Sources */,
			);
			runOnlyForDeploymentPostprocessing = 0;
		};
		B521B8AF2B5E29E800775F91 /* Sources */ = {
			isa = PBXSourcesBuildPhase;
			buildActionMask = 2147483647;
			files = (
				B521B8C12B5E2E7700775F91 /* ArrayTests.swift in Sources */,
				B521B8BE2B5E2D0D00775F91 /* StubNetworkClient.swift in Sources */,
				B521B8C32B5E2EE700775F91 /* MoviesLoaderTests.swift in Sources */,
			);
			runOnlyForDeploymentPostprocessing = 0;
		};
		B521B8C42B5E32DB00775F91 /* Sources */ = {
			isa = PBXSourcesBuildPhase;
			buildActionMask = 2147483647;
			files = (
				B521B8CD2B5E32DB00775F91 /* MovieQuizUITestsLaunchTests.swift in Sources */,
				B521B8CB2B5E32DB00775F91 /* MovieQuizUITests.swift in Sources */,
			);
			runOnlyForDeploymentPostprocessing = 0;
		};
		B580A21B2B5EE91100A38959 /* Sources */ = {
			isa = PBXSourcesBuildPhase;
			buildActionMask = 2147483647;
			files = (
				B580A22A2B5EE92F00A38959 /* MovieQuizViewControllerStub.swift in Sources */,
				B580A2222B5EE91100A38959 /* MovieQuizPresenterTests.swift in Sources */,
			);
			runOnlyForDeploymentPostprocessing = 0;
		};
/* End PBXSourcesBuildPhase section */

/* Begin PBXTargetDependency section */
		B521B8B82B5E29E800775F91 /* PBXTargetDependency */ = {
			isa = PBXTargetDependency;
			target = AD1ABAAD2831907B00B3E448 /* MovieQuiz */;
			targetProxy = B521B8B72B5E29E800775F91 /* PBXContainerItemProxy */;
		};
		B521B8CF2B5E32DB00775F91 /* PBXTargetDependency */ = {
			isa = PBXTargetDependency;
			target = AD1ABAAD2831907B00B3E448 /* MovieQuiz */;
			targetProxy = B521B8CE2B5E32DB00775F91 /* PBXContainerItemProxy */;
		};
		B580A2242B5EE91100A38959 /* PBXTargetDependency */ = {
			isa = PBXTargetDependency;
			target = AD1ABAAD2831907B00B3E448 /* MovieQuiz */;
			targetProxy = B580A2232B5EE91100A38959 /* PBXContainerItemProxy */;
		};
/* End PBXTargetDependency section */

/* Begin PBXVariantGroup section */
		AD1ABAB72831907B00B3E448 /* Main.storyboard */ = {
			isa = PBXVariantGroup;
			children = (
				AD1ABAB82831907B00B3E448 /* Base */,
			);
			name = Main.storyboard;
			sourceTree = "<group>";
		};
		AD1ABABC2831907F00B3E448 /* LaunchScreen.storyboard */ = {
			isa = PBXVariantGroup;
			children = (
				AD1ABABD2831907F00B3E448 /* Base */,
			);
			name = LaunchScreen.storyboard;
			sourceTree = "<group>";
		};
/* End PBXVariantGroup section */

/* Begin XCBuildConfiguration section */
		AD1ABAC02831907F00B3E448 /* Debug */ = {
			isa = XCBuildConfiguration;
			buildSettings = {
				ALWAYS_SEARCH_USER_PATHS = NO;
				CLANG_ANALYZER_NONNULL = YES;
				CLANG_ANALYZER_NUMBER_OBJECT_CONVERSION = YES_AGGRESSIVE;
				CLANG_CXX_LANGUAGE_STANDARD = "gnu++17";
				CLANG_ENABLE_MODULES = YES;
				CLANG_ENABLE_OBJC_ARC = YES;
				CLANG_ENABLE_OBJC_WEAK = YES;
				CLANG_WARN_BLOCK_CAPTURE_AUTORELEASING = YES;
				CLANG_WARN_BOOL_CONVERSION = YES;
				CLANG_WARN_COMMA = YES;
				CLANG_WARN_CONSTANT_CONVERSION = YES;
				CLANG_WARN_DEPRECATED_OBJC_IMPLEMENTATIONS = YES;
				CLANG_WARN_DIRECT_OBJC_ISA_USAGE = YES_ERROR;
				CLANG_WARN_DOCUMENTATION_COMMENTS = YES;
				CLANG_WARN_EMPTY_BODY = YES;
				CLANG_WARN_ENUM_CONVERSION = YES;
				CLANG_WARN_INFINITE_RECURSION = YES;
				CLANG_WARN_INT_CONVERSION = YES;
				CLANG_WARN_NON_LITERAL_NULL_CONVERSION = YES;
				CLANG_WARN_OBJC_IMPLICIT_RETAIN_SELF = YES;
				CLANG_WARN_OBJC_LITERAL_CONVERSION = YES;
				CLANG_WARN_OBJC_ROOT_CLASS = YES_ERROR;
				CLANG_WARN_QUOTED_INCLUDE_IN_FRAMEWORK_HEADER = YES;
				CLANG_WARN_RANGE_LOOP_ANALYSIS = YES;
				CLANG_WARN_STRICT_PROTOTYPES = YES;
				CLANG_WARN_SUSPICIOUS_MOVE = YES;
				CLANG_WARN_UNGUARDED_AVAILABILITY = YES_AGGRESSIVE;
				CLANG_WARN_UNREACHABLE_CODE = YES;
				CLANG_WARN__DUPLICATE_METHOD_MATCH = YES;
				COPY_PHASE_STRIP = NO;
				DEBUG_INFORMATION_FORMAT = dwarf;
				ENABLE_STRICT_OBJC_MSGSEND = YES;
				ENABLE_TESTABILITY = YES;
				GCC_C_LANGUAGE_STANDARD = gnu11;
				GCC_DYNAMIC_NO_PIC = NO;
				GCC_NO_COMMON_BLOCKS = YES;
				GCC_OPTIMIZATION_LEVEL = 0;
				GCC_PREPROCESSOR_DEFINITIONS = (
					"DEBUG=1",
					"$(inherited)",
				);
				GCC_WARN_64_TO_32_BIT_CONVERSION = YES;
				GCC_WARN_ABOUT_RETURN_TYPE = YES_ERROR;
				GCC_WARN_UNDECLARED_SELECTOR = YES;
				GCC_WARN_UNINITIALIZED_AUTOS = YES_AGGRESSIVE;
				GCC_WARN_UNUSED_FUNCTION = YES;
				GCC_WARN_UNUSED_VARIABLE = YES;
				IPHONEOS_DEPLOYMENT_TARGET = 15.4;
				MTL_ENABLE_DEBUG_INFO = INCLUDE_SOURCE;
				MTL_FAST_MATH = YES;
				ONLY_ACTIVE_ARCH = YES;
				SDKROOT = iphoneos;
				SWIFT_ACTIVE_COMPILATION_CONDITIONS = DEBUG;
				SWIFT_OPTIMIZATION_LEVEL = "-Onone";
			};
			name = Debug;
		};
		AD1ABAC12831907F00B3E448 /* Release */ = {
			isa = XCBuildConfiguration;
			buildSettings = {
				ALWAYS_SEARCH_USER_PATHS = NO;
				CLANG_ANALYZER_NONNULL = YES;
				CLANG_ANALYZER_NUMBER_OBJECT_CONVERSION = YES_AGGRESSIVE;
				CLANG_CXX_LANGUAGE_STANDARD = "gnu++17";
				CLANG_ENABLE_MODULES = YES;
				CLANG_ENABLE_OBJC_ARC = YES;
				CLANG_ENABLE_OBJC_WEAK = YES;
				CLANG_WARN_BLOCK_CAPTURE_AUTORELEASING = YES;
				CLANG_WARN_BOOL_CONVERSION = YES;
				CLANG_WARN_COMMA = YES;
				CLANG_WARN_CONSTANT_CONVERSION = YES;
				CLANG_WARN_DEPRECATED_OBJC_IMPLEMENTATIONS = YES;
				CLANG_WARN_DIRECT_OBJC_ISA_USAGE = YES_ERROR;
				CLANG_WARN_DOCUMENTATION_COMMENTS = YES;
				CLANG_WARN_EMPTY_BODY = YES;
				CLANG_WARN_ENUM_CONVERSION = YES;
				CLANG_WARN_INFINITE_RECURSION = YES;
				CLANG_WARN_INT_CONVERSION = YES;
				CLANG_WARN_NON_LITERAL_NULL_CONVERSION = YES;
				CLANG_WARN_OBJC_IMPLICIT_RETAIN_SELF = YES;
				CLANG_WARN_OBJC_LITERAL_CONVERSION = YES;
				CLANG_WARN_OBJC_ROOT_CLASS = YES_ERROR;
				CLANG_WARN_QUOTED_INCLUDE_IN_FRAMEWORK_HEADER = YES;
				CLANG_WARN_RANGE_LOOP_ANALYSIS = YES;
				CLANG_WARN_STRICT_PROTOTYPES = YES;
				CLANG_WARN_SUSPICIOUS_MOVE = YES;
				CLANG_WARN_UNGUARDED_AVAILABILITY = YES_AGGRESSIVE;
				CLANG_WARN_UNREACHABLE_CODE = YES;
				CLANG_WARN__DUPLICATE_METHOD_MATCH = YES;
				COPY_PHASE_STRIP = NO;
				DEBUG_INFORMATION_FORMAT = "dwarf-with-dsym";
				ENABLE_NS_ASSERTIONS = NO;
				ENABLE_STRICT_OBJC_MSGSEND = YES;
				GCC_C_LANGUAGE_STANDARD = gnu11;
				GCC_NO_COMMON_BLOCKS = YES;
				GCC_WARN_64_TO_32_BIT_CONVERSION = YES;
				GCC_WARN_ABOUT_RETURN_TYPE = YES_ERROR;
				GCC_WARN_UNDECLARED_SELECTOR = YES;
				GCC_WARN_UNINITIALIZED_AUTOS = YES_AGGRESSIVE;
				GCC_WARN_UNUSED_FUNCTION = YES;
				GCC_WARN_UNUSED_VARIABLE = YES;
				IPHONEOS_DEPLOYMENT_TARGET = 15.4;
				MTL_ENABLE_DEBUG_INFO = NO;
				MTL_FAST_MATH = YES;
				SDKROOT = iphoneos;
				SWIFT_COMPILATION_MODE = wholemodule;
				SWIFT_OPTIMIZATION_LEVEL = "-O";
				VALIDATE_PRODUCT = YES;
			};
			name = Release;
		};
		AD1ABAC32831907F00B3E448 /* Debug */ = {
			isa = XCBuildConfiguration;
			buildSettings = {
				ASSETCATALOG_COMPILER_APPICON_NAME = AppIcon;
				CODE_SIGN_STYLE = Automatic;
				CURRENT_PROJECT_VERSION = 1;
				DEVELOPMENT_TEAM = N29P9VDV4Y;
				GENERATE_INFOPLIST_FILE = YES;
				INFOPLIST_FILE = MovieQuiz/Resources/Info.plist;
				INFOPLIST_KEY_UIApplicationSupportsIndirectInputEvents = YES;
				INFOPLIST_KEY_UILaunchStoryboardName = LaunchScreen;
				INFOPLIST_KEY_UIMainStoryboardFile = Main;
				INFOPLIST_KEY_UIStatusBarHidden = YES;
				INFOPLIST_KEY_UISupportedInterfaceOrientations = UIInterfaceOrientationPortrait;
				INFOPLIST_KEY_UISupportedInterfaceOrientations_iPad = "UIInterfaceOrientationPortrait UIInterfaceOrientationPortraitUpsideDown UIInterfaceOrientationLandscapeLeft UIInterfaceOrientationLandscapeRight";
				INFOPLIST_KEY_UISupportedInterfaceOrientations_iPhone = "UIInterfaceOrientationPortrait UIInterfaceOrientationLandscapeLeft UIInterfaceOrientationLandscapeRight";
				IPHONEOS_DEPLOYMENT_TARGET = 13.0;
				LD_RUNPATH_SEARCH_PATHS = (
					"$(inherited)",
					"@executable_path/Frameworks",
				);
				MARKETING_VERSION = 1.0;
				PRODUCT_BUNDLE_IDENTIFIER = ru.yandex.practicum.MovieQuiz;
				PRODUCT_NAME = "$(TARGET_NAME)";
				SWIFT_EMIT_LOC_STRINGS = YES;
				SWIFT_VERSION = 5.0;
				TARGETED_DEVICE_FAMILY = 1;
			};
			name = Debug;
		};
		AD1ABAC42831907F00B3E448 /* Release */ = {
			isa = XCBuildConfiguration;
			buildSettings = {
				ASSETCATALOG_COMPILER_APPICON_NAME = AppIcon;
				CODE_SIGN_STYLE = Automatic;
				CURRENT_PROJECT_VERSION = 1;
				DEVELOPMENT_TEAM = N29P9VDV4Y;
				GENERATE_INFOPLIST_FILE = YES;
				INFOPLIST_FILE = MovieQuiz/Resources/Info.plist;
				INFOPLIST_KEY_UIApplicationSupportsIndirectInputEvents = YES;
				INFOPLIST_KEY_UILaunchStoryboardName = LaunchScreen;
				INFOPLIST_KEY_UIMainStoryboardFile = Main;
				INFOPLIST_KEY_UIStatusBarHidden = YES;
				INFOPLIST_KEY_UISupportedInterfaceOrientations = UIInterfaceOrientationPortrait;
				INFOPLIST_KEY_UISupportedInterfaceOrientations_iPad = "UIInterfaceOrientationPortrait UIInterfaceOrientationPortraitUpsideDown UIInterfaceOrientationLandscapeLeft UIInterfaceOrientationLandscapeRight";
				INFOPLIST_KEY_UISupportedInterfaceOrientations_iPhone = "UIInterfaceOrientationPortrait UIInterfaceOrientationLandscapeLeft UIInterfaceOrientationLandscapeRight";
				IPHONEOS_DEPLOYMENT_TARGET = 13.0;
				LD_RUNPATH_SEARCH_PATHS = (
					"$(inherited)",
					"@executable_path/Frameworks",
				);
				MARKETING_VERSION = 1.0;
				PRODUCT_BUNDLE_IDENTIFIER = ru.yandex.practicum.MovieQuiz;
				PRODUCT_NAME = "$(TARGET_NAME)";
				SWIFT_EMIT_LOC_STRINGS = YES;
				SWIFT_VERSION = 5.0;
				TARGETED_DEVICE_FAMILY = 1;
			};
			name = Release;
		};
		B521B8BA2B5E29E800775F91 /* Debug */ = {
			isa = XCBuildConfiguration;
			buildSettings = {
				ASSETCATALOG_COMPILER_GENERATE_SWIFT_ASSET_SYMBOL_EXTENSIONS = YES;
				BUNDLE_LOADER = "$(TEST_HOST)";
				CLANG_CXX_LANGUAGE_STANDARD = "gnu++20";
				CODE_SIGN_STYLE = Automatic;
				CURRENT_PROJECT_VERSION = 1;
				ENABLE_USER_SCRIPT_SANDBOXING = YES;
				GCC_C_LANGUAGE_STANDARD = gnu17;
				GENERATE_INFOPLIST_FILE = YES;
				IPHONEOS_DEPLOYMENT_TARGET = 17.0;
				LOCALIZATION_PREFERS_STRING_CATALOGS = YES;
				MARKETING_VERSION = 1.0;
				PRODUCT_BUNDLE_IDENTIFIER = com.mapl.MovieQuizTests;
				PRODUCT_NAME = "$(TARGET_NAME)";
				SWIFT_ACTIVE_COMPILATION_CONDITIONS = "DEBUG $(inherited)";
				SWIFT_EMIT_LOC_STRINGS = NO;
				SWIFT_VERSION = 5.0;
				TARGETED_DEVICE_FAMILY = "1,2";
				TEST_HOST = "$(BUILT_PRODUCTS_DIR)/MovieQuiz.app/$(BUNDLE_EXECUTABLE_FOLDER_PATH)/MovieQuiz";
			};
			name = Debug;
		};
		B521B8BB2B5E29E800775F91 /* Release */ = {
			isa = XCBuildConfiguration;
			buildSettings = {
				ASSETCATALOG_COMPILER_GENERATE_SWIFT_ASSET_SYMBOL_EXTENSIONS = YES;
				BUNDLE_LOADER = "$(TEST_HOST)";
				CLANG_CXX_LANGUAGE_STANDARD = "gnu++20";
				CODE_SIGN_STYLE = Automatic;
				CURRENT_PROJECT_VERSION = 1;
				ENABLE_USER_SCRIPT_SANDBOXING = YES;
				GCC_C_LANGUAGE_STANDARD = gnu17;
				GENERATE_INFOPLIST_FILE = YES;
				IPHONEOS_DEPLOYMENT_TARGET = 17.0;
				LOCALIZATION_PREFERS_STRING_CATALOGS = YES;
				MARKETING_VERSION = 1.0;
				PRODUCT_BUNDLE_IDENTIFIER = com.mapl.MovieQuizTests;
				PRODUCT_NAME = "$(TARGET_NAME)";
				SWIFT_EMIT_LOC_STRINGS = NO;
				SWIFT_VERSION = 5.0;
				TARGETED_DEVICE_FAMILY = "1,2";
				TEST_HOST = "$(BUILT_PRODUCTS_DIR)/MovieQuiz.app/$(BUNDLE_EXECUTABLE_FOLDER_PATH)/MovieQuiz";
			};
			name = Release;
		};
		B521B8D12B5E32DB00775F91 /* Debug */ = {
			isa = XCBuildConfiguration;
			buildSettings = {
				ASSETCATALOG_COMPILER_GENERATE_SWIFT_ASSET_SYMBOL_EXTENSIONS = YES;
				CLANG_CXX_LANGUAGE_STANDARD = "gnu++20";
				CODE_SIGN_STYLE = Automatic;
				CURRENT_PROJECT_VERSION = 1;
				ENABLE_USER_SCRIPT_SANDBOXING = YES;
				GCC_C_LANGUAGE_STANDARD = gnu17;
				GENERATE_INFOPLIST_FILE = YES;
				IPHONEOS_DEPLOYMENT_TARGET = 17.0;
				LOCALIZATION_PREFERS_STRING_CATALOGS = YES;
				MARKETING_VERSION = 1.0;
				PRODUCT_BUNDLE_IDENTIFIER = com.mapl.MovieQuizUITests;
				PRODUCT_NAME = "$(TARGET_NAME)";
				SWIFT_ACTIVE_COMPILATION_CONDITIONS = "DEBUG $(inherited)";
				SWIFT_EMIT_LOC_STRINGS = NO;
				SWIFT_VERSION = 5.0;
				TARGETED_DEVICE_FAMILY = "1,2";
				TEST_TARGET_NAME = MovieQuiz;
			};
			name = Debug;
		};
		B521B8D22B5E32DB00775F91 /* Release */ = {
			isa = XCBuildConfiguration;
			buildSettings = {
				ASSETCATALOG_COMPILER_GENERATE_SWIFT_ASSET_SYMBOL_EXTENSIONS = YES;
				CLANG_CXX_LANGUAGE_STANDARD = "gnu++20";
				CODE_SIGN_STYLE = Automatic;
				CURRENT_PROJECT_VERSION = 1;
				ENABLE_USER_SCRIPT_SANDBOXING = YES;
				GCC_C_LANGUAGE_STANDARD = gnu17;
				GENERATE_INFOPLIST_FILE = YES;
				IPHONEOS_DEPLOYMENT_TARGET = 17.0;
				LOCALIZATION_PREFERS_STRING_CATALOGS = YES;
				MARKETING_VERSION = 1.0;
				PRODUCT_BUNDLE_IDENTIFIER = com.mapl.MovieQuizUITests;
				PRODUCT_NAME = "$(TARGET_NAME)";
				SWIFT_EMIT_LOC_STRINGS = NO;
				SWIFT_VERSION = 5.0;
				TARGETED_DEVICE_FAMILY = "1,2";
				TEST_TARGET_NAME = MovieQuiz;
			};
			name = Release;
		};
		B580A2262B5EE91100A38959 /* Debug */ = {
			isa = XCBuildConfiguration;
			buildSettings = {
				ASSETCATALOG_COMPILER_GENERATE_SWIFT_ASSET_SYMBOL_EXTENSIONS = YES;
				BUNDLE_LOADER = "$(TEST_HOST)";
				CLANG_CXX_LANGUAGE_STANDARD = "gnu++20";
				CODE_SIGN_STYLE = Automatic;
				CURRENT_PROJECT_VERSION = 1;
				ENABLE_USER_SCRIPT_SANDBOXING = YES;
				GCC_C_LANGUAGE_STANDARD = gnu17;
				GENERATE_INFOPLIST_FILE = YES;
				IPHONEOS_DEPLOYMENT_TARGET = 17.0;
				LOCALIZATION_PREFERS_STRING_CATALOGS = YES;
				MARKETING_VERSION = 1.0;
				PRODUCT_BUNDLE_IDENTIFIER = com.mapl.MovieQuizPresenterTests;
				PRODUCT_NAME = "$(TARGET_NAME)";
				SWIFT_ACTIVE_COMPILATION_CONDITIONS = "DEBUG $(inherited)";
				SWIFT_EMIT_LOC_STRINGS = NO;
				SWIFT_VERSION = 5.0;
				TARGETED_DEVICE_FAMILY = "1,2";
				TEST_HOST = "$(BUILT_PRODUCTS_DIR)/MovieQuiz.app/$(BUNDLE_EXECUTABLE_FOLDER_PATH)/MovieQuiz";
			};
			name = Debug;
		};
		B580A2272B5EE91100A38959 /* Release */ = {
			isa = XCBuildConfiguration;
			buildSettings = {
				ASSETCATALOG_COMPILER_GENERATE_SWIFT_ASSET_SYMBOL_EXTENSIONS = YES;
				BUNDLE_LOADER = "$(TEST_HOST)";
				CLANG_CXX_LANGUAGE_STANDARD = "gnu++20";
				CODE_SIGN_STYLE = Automatic;
				CURRENT_PROJECT_VERSION = 1;
				ENABLE_USER_SCRIPT_SANDBOXING = YES;
				GCC_C_LANGUAGE_STANDARD = gnu17;
				GENERATE_INFOPLIST_FILE = YES;
				IPHONEOS_DEPLOYMENT_TARGET = 17.0;
				LOCALIZATION_PREFERS_STRING_CATALOGS = YES;
				MARKETING_VERSION = 1.0;
				PRODUCT_BUNDLE_IDENTIFIER = com.mapl.MovieQuizPresenterTests;
				PRODUCT_NAME = "$(TARGET_NAME)";
				SWIFT_EMIT_LOC_STRINGS = NO;
				SWIFT_VERSION = 5.0;
				TARGETED_DEVICE_FAMILY = "1,2";
				TEST_HOST = "$(BUILT_PRODUCTS_DIR)/MovieQuiz.app/$(BUNDLE_EXECUTABLE_FOLDER_PATH)/MovieQuiz";
			};
			name = Release;
		};
/* End XCBuildConfiguration section */

/* Begin XCConfigurationList section */
		AD1ABAA92831907B00B3E448 /* Build configuration list for PBXProject "MovieQuiz" */ = {
			isa = XCConfigurationList;
			buildConfigurations = (
				AD1ABAC02831907F00B3E448 /* Debug */,
				AD1ABAC12831907F00B3E448 /* Release */,
			);
			defaultConfigurationIsVisible = 0;
			defaultConfigurationName = Release;
		};
		AD1ABAC22831907F00B3E448 /* Build configuration list for PBXNativeTarget "MovieQuiz" */ = {
			isa = XCConfigurationList;
			buildConfigurations = (
				AD1ABAC32831907F00B3E448 /* Debug */,
				AD1ABAC42831907F00B3E448 /* Release */,
			);
			defaultConfigurationIsVisible = 0;
			defaultConfigurationName = Release;
		};
		B521B8B92B5E29E800775F91 /* Build configuration list for PBXNativeTarget "MovieQuizTests" */ = {
			isa = XCConfigurationList;
			buildConfigurations = (
				B521B8BA2B5E29E800775F91 /* Debug */,
				B521B8BB2B5E29E800775F91 /* Release */,
			);
			defaultConfigurationIsVisible = 0;
			defaultConfigurationName = Release;
		};
		B521B8D02B5E32DB00775F91 /* Build configuration list for PBXNativeTarget "MovieQuizUITests" */ = {
			isa = XCConfigurationList;
			buildConfigurations = (
				B521B8D12B5E32DB00775F91 /* Debug */,
				B521B8D22B5E32DB00775F91 /* Release */,
			);
			defaultConfigurationIsVisible = 0;
			defaultConfigurationName = Release;
		};
		B580A2252B5EE91100A38959 /* Build configuration list for PBXNativeTarget "MovieQuizPresenterTests" */ = {
			isa = XCConfigurationList;
			buildConfigurations = (
				B580A2262B5EE91100A38959 /* Debug */,
				B580A2272B5EE91100A38959 /* Release */,
			);
			defaultConfigurationIsVisible = 0;
			defaultConfigurationName = Release;
		};
/* End XCConfigurationList section */
	};
	rootObject = AD1ABAA62831907B00B3E448 /* Project object */;
}
